{"1.2.0",
[{<<"aten">>,{pkg,<<"aten">>,<<"0.5.6">>},1},
 {<<"cowboy">>,{pkg,<<"cowboy">>,<<"2.9.0">>},0},
 {<<"cowlib">>,{pkg,<<"cowlib">>,<<"2.11.0">>},1},
 {<<"gen_batch_server">>,{pkg,<<"gen_batch_server">>,<<"0.8.4">>},1},
 {<<"ranch">>,{pkg,<<"ranch">>,<<"1.8.0">>},1},
 {<<"vectorclock">>,{pkg,<<"vectorclock">>,<<"0.2.0">>},1}]}.
[
{pkg_hash,[
 {<<"aten">>, <<"A6DC5BB81073B11F6A77CDB1475A054B778A0FDCEE04BBC78A70F99197DCC66C">>},
 {<<"cowboy">>, <<"865DD8B6607E14CF03282E10E934023A1BD8BE6F6BACF921A7E2A96D800CD452">>},
 {<<"cowlib">>, <<"0B9FF9C346629256C42EBE1EEB769A83C6CB771A6EE5960BD110AB0B9B872063">>},
 {<<"gen_batch_server">>, <<"20535E9DBD4DC234E63B3DF79BA65D8A770396B2CAD6B4068A1E37E3AE010900">>},
 {<<"ranch">>, <<"8C7A100A139FD57F17327B6413E4167AC559FBC04CA7448E9BE9057311597A1D">>},
 {<<"vectorclock">>, <<"6C4A9D44895F51BB99910DBE31FC691BF05FA6B2BF84986F6E3BDE4BD18F6CBA">>}]},
{pkg_hash_ext,[
 {<<"aten">>, <<"30721679DA07CCB55BB0F407CB0E40C7DC6D1E258F3EBFB789C55982878E4427">>},
 {<<"cowboy">>, <<"2C729F934B4E1AA149AFF882F57C6372C15399A20D54F65C8D67BEF583021BDE">>},
 {<<"cowlib">>, <<"2B3E9DA0B21C4565751A6D4901C20D1B4CC25CBB7FD50D91D2AB6DD287BC86A9">>},
 {<<"gen_batch_server">>, <<"FF6B0ED0F7BE945F38B94DDD4784D128F35FF029C34DAD6CA0C6CB17AB7BC9C4">>},
 {<<"ranch">>, <<"49FBCFD3682FAB1F5D109351B61257676DA1A2FDBE295904176D5E521A2DDFE5">>},
 {<<"vectorclock">>, <<"1CBB5B261B73D2D2DE537BE01A673754769E220121154735F729DEBD1139F60F">>}]}
].
